
Microsoft Visual Studio Solution File, Format Version 12.00
# Visual Studio Version 17
VisualStudioVersion = 17.11.35327.3
MinimumVisualStudioVersion = 10.0.40219.1
Project("{9A19103F-16F7-4668-BE54-9A1E7A4F7556}") = "MyApp", "MyApp\MyApp.csproj", "{8AD4B376-8299-4A62-8476-C5F85CEC23EA}"
EndProject
Project("{FAE04EC0-301F-11D3-BF4B-00C04F79EFBC}") = "EShop.Application", "EShop.Application\EShop.Application.csproj", "{77D56C5D-7C50-4D17-84A8-3D6A1CCF8D53}"
EndProject
Project("{FAE04EC0-301F-11D3-BF4B-00C04F79EFBC}") = "EShop.Application.Tests", "EShop.Application.Tests\EShop.Application.Tests.csproj", "{CBE25754-583F-4277-A340-36327E63AA45}"
EndProject
Global
	GlobalSection(SolutionConfigurationPlatforms) = preSolution
		Debug|Any CPU = Debug|Any CPU
		Release|Any CPU = Release|Any CPU
	EndGlobalSection
	GlobalSection(ProjectConfigurationPlatforms) = postSolution
		{8AD4B376-8299-4A62-8476-C5F85CEC23EA}.Debug|Any CPU.ActiveCfg = Debug|Any CPU
		{8AD4B376-8299-4A62-8476-C5F85CEC23EA}.Debug|Any CPU.Build.0 = Debug|Any CPU
		{8AD4B376-8299-4A62-8476-C5F85CEC23EA}.Release|Any CPU.ActiveCfg = Release|Any CPU
		{8AD4B376-8299-4A62-8476-C5F85CEC23EA}.Release|Any CPU.Build.0 = Release|Any CPU
		{77D56C5D-7C50-4D17-84A8-3D6A1CCF8D53}.Debug|Any CPU.ActiveCfg = Debug|Any CPU
		{77D56C5D-7C50-4D17-84A8-3D6A1CCF8D53}.Debug|Any CPU.Build.0 = Debug|Any CPU
		{77D56C5D-7C50-4D17-84A8-3D6A1CCF8D53}.Release|Any CPU.ActiveCfg = Release|Any CPU
		{77D56C5D-7C50-4D17-84A8-3D6A1CCF8D53}.Release|Any CPU.Build.0 = Release|Any CPU
		{CBE25754-583F-4277-A340-36327E63AA45}.Debug|Any CPU.ActiveCfg = Debug|Any CPU
		{CBE25754-583F-4277-A340-36327E63AA45}.Debug|Any CPU.Build.0 = Debug|Any CPU
		{CBE25754-583F-4277-A340-36327E63AA45}.Release|Any CPU.ActiveCfg = Release|Any CPU
		{CBE25754-583F-4277-A340-36327E63AA45}.Release|Any CPU.Build.0 = Release|Any CPU
	EndGlobalSection
	GlobalSection(SolutionProperties) = preSolution
		HideSolutionNode = FALSE
	EndGlobalSection
	GlobalSection(ExtensibilityGlobals) = postSolution
		SolutionGuid = {7988A920-B240-4F80-BE74-568443933EC3}
	EndGlobalSection
EndGlobal
